
Microsoft Visual Studio Solution File, Format Version 12.00
# Visual Studio Version 17
VisualStudioVersion = 17.0.31903.59
MinimumVisualStudioVersion = 10.0.40219.1
Project("{2150E333-8FDC-42A3-9474-1A3956D46DE8}") = "src", "src", "{827E0CD3-B72D-47B6-A68D-7590B98EB39B}"
EndProject
Project("{FAE04EC0-301F-11D3-BF4B-00C04F79EFBC}") = "DataForeman.API", "src\DataForeman.API\DataForeman.API.csproj", "{A169D604-5A4D-4B16-9D39-7091FE4CC5E1}"
EndProject
Project("{FAE04EC0-301F-11D3-BF4B-00C04F79EFBC}") = "DataForeman.Core", "src\DataForeman.Core\DataForeman.Core.csproj", "{A3367FAB-8E8B-4143-AD90-10FCCC046499}"
EndProject
Project("{FAE04EC0-301F-11D3-BF4B-00C04F79EFBC}") = "DataForeman.Infrastructure", "src\DataForeman.Infrastructure\DataForeman.Infrastructure.csproj", "{CA386A64-38F3-44FE-A223-AC999791D0FE}"
EndProject
Global
	GlobalSection(SolutionConfigurationPlatforms) = preSolution
		Debug|Any CPU = Debug|Any CPU
		Debug|x64 = Debug|x64
		Debug|x86 = Debug|x86
		Release|Any CPU = Release|Any CPU
		Release|x64 = Release|x64
		Release|x86 = Release|x86
	EndGlobalSection
	GlobalSection(ProjectConfigurationPlatforms) = postSolution
		{A169D604-5A4D-4B16-9D39-7091FE4CC5E1}.Debug|Any CPU.ActiveCfg = Debug|Any CPU
		{A169D604-5A4D-4B16-9D39-7091FE4CC5E1}.Debug|Any CPU.Build.0 = Debug|Any CPU
		{A169D604-5A4D-4B16-9D39-7091FE4CC5E1}.Debug|x64.ActiveCfg = Debug|Any CPU
		{A169D604-5A4D-4B16-9D39-7091FE4CC5E1}.Debug|x64.Build.0 = Debug|Any CPU
		{A169D604-5A4D-4B16-9D39-7091FE4CC5E1}.Debug|x86.ActiveCfg = Debug|Any CPU
		{A169D604-5A4D-4B16-9D39-7091FE4CC5E1}.Debug|x86.Build.0 = Debug|Any CPU
		{A169D604-5A4D-4B16-9D39-7091FE4CC5E1}.Release|Any CPU.ActiveCfg = Release|Any CPU
		{A169D604-5A4D-4B16-9D39-7091FE4CC5E1}.Release|Any CPU.Build.0 = Release|Any CPU
		{A169D604-5A4D-4B16-9D39-7091FE4CC5E1}.Release|x64.ActiveCfg = Release|Any CPU
		{A169D604-5A4D-4B16-9D39-7091FE4CC5E1}.Release|x64.Build.0 = Release|Any CPU
		{A169D604-5A4D-4B16-9D39-7091FE4CC5E1}.Release|x86.ActiveCfg = Release|Any CPU
		{A169D604-5A4D-4B16-9D39-7091FE4CC5E1}.Release|x86.Build.0 = Release|Any CPU
		{A3367FAB-8E8B-4143-AD90-10FCCC046499}.Debug|Any CPU.ActiveCfg = Debug|Any CPU
		{A3367FAB-8E8B-4143-AD90-10FCCC046499}.Debug|Any CPU.Build.0 = Debug|Any CPU
		{A3367FAB-8E8B-4143-AD90-10FCCC046499}.Debug|x64.ActiveCfg = Debug|Any CPU
		{A3367FAB-8E8B-4143-AD90-10FCCC046499}.Debug|x64.Build.0 = Debug|Any CPU
		{A3367FAB-8E8B-4143-AD90-10FCCC046499}.Debug|x86.ActiveCfg = Debug|Any CPU
		{A3367FAB-8E8B-4143-AD90-10FCCC046499}.Debug|x86.Build.0 = Debug|Any CPU
		{A3367FAB-8E8B-4143-AD90-10FCCC046499}.Release|Any CPU.ActiveCfg = Release|Any CPU
		{A3367FAB-8E8B-4143-AD90-10FCCC046499}.Release|Any CPU.Build.0 = Release|Any CPU
		{A3367FAB-8E8B-4143-AD90-10FCCC046499}.Release|x64.ActiveCfg = Release|Any CPU
		{A3367FAB-8E8B-4143-AD90-10FCCC046499}.Release|x64.Build.0 = Release|Any CPU
		{A3367FAB-8E8B-4143-AD90-10FCCC046499}.Release|x86.ActiveCfg = Release|Any CPU
		{A3367FAB-8E8B-4143-AD90-10FCCC046499}.Release|x86.Build.0 = Release|Any CPU
		{CA386A64-38F3-44FE-A223-AC999791D0FE}.Debug|Any CPU.ActiveCfg = Debug|Any CPU
		{CA386A64-38F3-44FE-A223-AC999791D0FE}.Debug|Any CPU.Build.0 = Debug|Any CPU
		{CA386A64-38F3-44FE-A223-AC999791D0FE}.Debug|x64.ActiveCfg = Debug|Any CPU
		{CA386A64-38F3-44FE-A223-AC999791D0FE}.Debug|x64.Build.0 = Debug|Any CPU
		{CA386A64-38F3-44FE-A223-AC999791D0FE}.Debug|x86.ActiveCfg = Debug|Any CPU
		{CA386A64-38F3-44FE-A223-AC999791D0FE}.Debug|x86.Build.0 = Debug|Any CPU
		{CA386A64-38F3-44FE-A223-AC999791D0FE}.Release|Any CPU.ActiveCfg = Release|Any CPU
		{CA386A64-38F3-44FE-A223-AC999791D0FE}.Release|Any CPU.Build.0 = Release|Any CPU
		{CA386A64-38F3-44FE-A223-AC999791D0FE}.Release|x64.ActiveCfg = Release|Any CPU
		{CA386A64-38F3-44FE-A223-AC999791D0FE}.Release|x64.Build.0 = Release|Any CPU
		{CA386A64-38F3-44FE-A223-AC999791D0FE}.Release|x86.ActiveCfg = Release|Any CPU
		{CA386A64-38F3-44FE-A223-AC999791D0FE}.Release|x86.Build.0 = Release|Any CPU
	EndGlobalSection
	GlobalSection(SolutionProperties) = preSolution
		HideSolutionNode = FALSE
	EndGlobalSection
	GlobalSection(NestedProjects) = preSolution
		{A169D604-5A4D-4B16-9D39-7091FE4CC5E1} = {827E0CD3-B72D-47B6-A68D-7590B98EB39B}
		{A3367FAB-8E8B-4143-AD90-10FCCC046499} = {827E0CD3-B72D-47B6-A68D-7590B98EB39B}
		{CA386A64-38F3-44FE-A223-AC999791D0FE} = {827E0CD3-B72D-47B6-A68D-7590B98EB39B}
	EndGlobalSection
EndGlobal
